<?xml version="1.0" encoding="UTF-8" standalone="yes" ?>
<CodeBlocks_project_file>
	<FileVersion major="1" minor="6" />
	<Project>
		<Option title="SPYROpenGL" />
		<Option pch_mode="2" />
		<Option compiler="gcc" />
		<Build>
			<Target title="Debug">
				<Option output="bin/Debug/SPYROpenGL" prefix_auto="1" extension_auto="1" />
				<Option object_output="obj/Debug/" />
				<Option type="1" />
				<Option compiler="gcc" />
				<Compiler>
					<Add option="-g" />
					<Add directory="include" />
				</Compiler>
				<Linker>
					<Add option="-pthread" />
					<Add library="GL" />
					<Add library="glut" />
					<Add library="GLU" />
					<Add library="jpeg" />
				</Linker>
			</Target>
			<Target title="Release">
				<Option output="bin/Release/SPYROpenGL" prefix_auto="1" extension_auto="1" />
				<Option object_output="obj/Release/" />
				<Option type="1" />
				<Option compiler="gcc" />
				<Compiler>
					<Add option="-O2" />
					<Add directory="include" />
				</Compiler>
				<Linker>
					<Add option="-s" />
					<Add option="-lpthread" />
				</Linker>
			</Target>
		</Build>
		<Compiler>
			<Add option="-Wall" />
		</Compiler>
		<Unit filename="Ressources/Audio/Dark Hollow.wav" />
		<Unit filename="Ressources/Audio/Enchanted Towers.wav" />
		<Unit filename="Ressources/Audio/SaluuutMoiCSpyro.wav" />
		<Unit filename="Ressources/Audio/Sgt. Byrd&apos;s Theme.wav" />
		<Unit filename="Ressources/Texture/skybox.jpg" />
		<Unit filename="include/Creation.h" />
		<Unit filename="include/Dessin.h" />
		<Unit filename="include/IntermittentDuSpectacle.h" />
		<Unit filename="include/Montage.h" />
		<Unit filename="include/Point.h" />
		<Unit filename="include/Textures.h" />
		<Unit filename="spyropengl.cpp" />
		<Unit filename="src/Creation.cpp" />
		<Unit filename="src/Dessin.cpp" />
		<Unit filename="src/IntermittentDuSpectacle.cpp" />
		<Unit filename="src/Montage.cpp" />
		<Unit filename="src/Point.cpp" />
		<Unit filename="src/Textures.cpp" />
		<Extensions>
			<DoxyBlocks>
				<comment_style block="0" line="0" />
				<doxyfile_project output_directory="../Doxygen" output_language="French" />
				<doxyfile_build />
				<doxyfile_warnings warn_if_undocumented="1" />
				<doxyfile_output />
				<doxyfile_dot />
				<general use_at_in_tags="1" />
			</DoxyBlocks>
		</Extensions>
	</Project>
</CodeBlocks_project_file>
